{
  "version": 4,
  "terraform_version": "1.4.0",
  "serial": 50,
  "lineage": "33f1c2ea-f955-f14d-f244-f9578583e139",
  "outputs": {
    "arn_todos_usuarios": {
      "value": [
        "usuario-0",
        "usuario-1",
        "usuario-2",
        "usuario-3",
        "usuario-4"
      ],
      "type": [
        "tuple",
        [
          "string",
          "string",
          "string",
          "string",
          "string"
        ]
      ]
    },
    "arn_usuario": {
      "value": "arn:aws:iam::401464262645:user/usuario-2",
      "type": "string"
    }
  },
  "resources": [
    {
      "mode": "managed",
      "type": "aws_iam_user",
      "name": "ejemplo",
      "provider": "provider[\"registry.terraform.io/hashicorp/aws\"]",
      "instances": [
        {
          "index_key": 0,
          "schema_version": 0,
          "attributes": {
            "arn": "arn:aws:iam::401464262645:user/usuario-0",
            "force_destroy": false,
            "id": "usuario-0",
            "name": "usuario-0",
            "path": "/",
            "permissions_boundary": null,
            "tags": {},
            "tags_all": {},
            "unique_id": "AIDAV26JCP7256LZW7JCF"
          },
          "sensitive_attributes": [],
          "private": "bnVsbA=="
        },
        {
          "index_key": 1,
          "schema_version": 0,
          "attributes": {
            "arn": "arn:aws:iam::401464262645:user/usuario-1",
            "force_destroy": false,
            "id": "usuario-1",
            "name": "usuario-1",
            "path": "/",
            "permissions_boundary": null,
            "tags": {},
            "tags_all": {},
            "unique_id": "AIDAV26JCP72YUU2W4EAP"
          },
          "sensitive_attributes": [],
          "private": "bnVsbA=="
        },
        {
          "index_key": 2,
          "schema_version": 0,
          "attributes": {
            "arn": "arn:aws:iam::401464262645:user/usuario-2",
            "force_destroy": false,
            "id": "usuario-2",
            "name": "usuario-2",
            "path": "/",
            "permissions_boundary": null,
            "tags": {},
            "tags_all": {},
            "unique_id": "AIDAV26JCP72XHW2MMJZO"
          },
          "sensitive_attributes": [],
          "private": "bnVsbA=="
        },
        {
          "index_key": 3,
          "schema_version": 0,
          "attributes": {
            "arn": "arn:aws:iam::401464262645:user/usuario-3",
            "force_destroy": false,
            "id": "usuario-3",
            "name": "usuario-3",
            "path": "/",
            "permissions_boundary": null,
            "tags": {},
            "tags_all": {},
            "unique_id": "AIDAV26JCP727ZYKEHOFZ"
          },
          "sensitive_attributes": [],
          "private": "bnVsbA=="
        },
        {
          "index_key": 4,
          "schema_version": 0,
          "attributes": {
            "arn": "arn:aws:iam::401464262645:user/usuario-4",
            "force_destroy": false,
            "id": "usuario-4",
            "name": "usuario-4",
            "path": "/",
            "permissions_boundary": null,
            "tags": {},
            "tags_all": {},
            "unique_id": "AIDAV26JCP72SLQE6D5ZZ"
          },
          "sensitive_attributes": [],
          "private": "bnVsbA=="
        }
      ]
    }
  ],
  "check_results": null
}
